
Microsoft Visual Studio Solution File, Format Version 12.00
# Visual Studio Version 17
VisualStudioVersion = 17.6.33723.286
MinimumVisualStudioVersion = 10.0.40219.1
Project("{FAE04EC0-301F-11D3-BF4B-00C04F79EFBC}") = "Практика 2", "Практика 2\Практика 2.csproj", "{F2F506FD-FDD2-4D10-A565-12FFCC79CEC7}"
EndProject
Global
	GlobalSection(SolutionConfigurationPlatforms) = preSolution
		Debug|Any CPU = Debug|Any CPU
		Release|Any CPU = Release|Any CPU
	EndGlobalSection
	GlobalSection(ProjectConfigurationPlatforms) = postSolution
		{F2F506FD-FDD2-4D10-A565-12FFCC79CEC7}.Debug|Any CPU.ActiveCfg = Debug|Any CPU
		{F2F506FD-FDD2-4D10-A565-12FFCC79CEC7}.Debug|Any CPU.Build.0 = Debug|Any CPU
		{F2F506FD-FDD2-4D10-A565-12FFCC79CEC7}.Release|Any CPU.ActiveCfg = Release|Any CPU
		{F2F506FD-FDD2-4D10-A565-12FFCC79CEC7}.Release|Any CPU.Build.0 = Release|Any CPU
	EndGlobalSection
	GlobalSection(SolutionProperties) = preSolution
		HideSolutionNode = FALSE
	EndGlobalSection
	GlobalSection(ExtensibilityGlobals) = postSolution
		SolutionGuid = {BF37767F-ED12-4AE2-83FC-66E9D42F6A16}
	EndGlobalSection
EndGlobal
